Microsoft Visual Studio Solution File, Format Version 12.00
# Visual Studio Version 17
VisualStudioVersion = 17.5.2.0
MinimumVisualStudioVersion = 10.0.40219.1
Project("{FAE04EC0-301F-11D3-BF4B-00C04F79EFBC}") = "BridgeAlien.Analytics.Api", "BridgeAlien.Analytics.Api\BridgeAlien.Analytics.Api.csproj", "{B07AABE0-5316-85A0-21C0-31C4EC186348}"
EndProject
Global
	GlobalSection(SolutionConfigurationPlatforms) = preSolution
		Debug|Any CPU = Debug|Any CPU
		Release|Any CPU = Release|Any CPU
	EndGlobalSection
	GlobalSection(ProjectConfigurationPlatforms) = postSolution
		{B07AABE0-5316-85A0-21C0-31C4EC186348}.Debug|Any CPU.ActiveCfg = Debug|Any CPU
		{B07AABE0-5316-85A0-21C0-31C4EC186348}.Debug|Any CPU.Build.0 = Debug|Any CPU
		{B07AABE0-5316-85A0-21C0-31C4EC186348}.Release|Any CPU.ActiveCfg = Release|Any CPU
		{B07AABE0-5316-85A0-21C0-31C4EC186348}.Release|Any CPU.Build.0 = Release|Any CPU
	EndGlobalSection
	GlobalSection(SolutionProperties) = preSolution
		HideSolutionNode = FALSE
	EndGlobalSection
	GlobalSection(ExtensibilityGlobals) = postSolution
		SolutionGuid = {69754035-E06A-4801-8524-4EFB422DD137}
	EndGlobalSection
EndGlobal
